PODS:
  - FastMath (2.4.0):
    - Pippin/Extensions (>= 12.1)
  - FastMath/Tests (2.4.0):
    - Pippin/Extensions (>= 12.1)
  - Pippin/Extensions (13.0.0)

DEPENDENCIES:
  - FastMath (from `.`)
  - FastMath/Tests (from `.`)
  - Pippin/Extensions

SPEC REPOS:
  https://github.com/CocoaPods/Specs.git:
    - Pippin

EXTERNAL SOURCES:
  FastMath:
    :path: "."

SPEC CHECKSUMS:
  FastMath: 8ea1441c959d828c575e5599f3a23cc923353afb
  Pippin: 197fd2b93364a4f7aaedf793e6aeec82c4c436a6

PODFILE CHECKSUM: efab0e757754c6c332f42b2b443de8f0ad9ead80

COCOAPODS: 1.6.0.rc.1
