PODS:
  - FastMath (2.2.0):
    - Pippin/Extensions
  - FastMath/Tests (2.2.0):
    - Pippin/Extensions
  - Pippin/Extensions (12.1.0)

DEPENDENCIES:
  - FastMath (from `.`)
  - FastMath/Tests (from `.`)
  - Pippin/Extensions (from `../Pippin`)

EXTERNAL SOURCES:
  FastMath:
    :path: "."
  Pippin:
    :path: "../Pippin"

SPEC CHECKSUMS:
  FastMath: 331d6ee461042ceb1e9af046fbe605c57399cf4d
  Pippin: 53bc4ea9a195b47fe49db1d5e44c4b584645191e

PODFILE CHECKSUM: 166f15a3417535b9d4103048dd50278202865145

COCOAPODS: 1.5.3
